
Microsoft Visual Studio Solution File, Format Version 12.00
# Visual Studio Version 16
VisualStudioVersion = 16.0.30128.74
MinimumVisualStudioVersion = 10.0.40219.1
Project("{FAE04EC0-301F-11D3-BF4B-00C04F79EFBC}") = "JsonCruD", "JsonCruD\JsonCruD.csproj", "{962E5178-C531-4952-825B-D00DF49604D8}"
EndProject
Project("{FAE04EC0-301F-11D3-BF4B-00C04F79EFBC}") = "Entidades", "Entidades\Entidades.csproj", "{83D383F5-4875-4FA1-975D-3CE87F8BE126}"
EndProject
Project("{FAE04EC0-301F-11D3-BF4B-00C04F79EFBC}") = "Datos", "Datos\Datos.csproj", "{CA980AA2-C17A-441E-B765-7DC32B441DAA}"
EndProject
Project("{FAE04EC0-301F-11D3-BF4B-00C04F79EFBC}") = "ServiciosWeb", "ServiciosWeb\ServiciosWeb.csproj", "{572605C5-51EB-4263-8574-61B396FAEB0B}"
EndProject
Global
	GlobalSection(SolutionConfigurationPlatforms) = preSolution
		Debug|Any CPU = Debug|Any CPU
		Release|Any CPU = Release|Any CPU
	EndGlobalSection
	GlobalSection(ProjectConfigurationPlatforms) = postSolution
		{962E5178-C531-4952-825B-D00DF49604D8}.Debug|Any CPU.ActiveCfg = Debug|Any CPU
		{962E5178-C531-4952-825B-D00DF49604D8}.Debug|Any CPU.Build.0 = Debug|Any CPU
		{962E5178-C531-4952-825B-D00DF49604D8}.Release|Any CPU.ActiveCfg = Release|Any CPU
		{962E5178-C531-4952-825B-D00DF49604D8}.Release|Any CPU.Build.0 = Release|Any CPU
		{83D383F5-4875-4FA1-975D-3CE87F8BE126}.Debug|Any CPU.ActiveCfg = Debug|Any CPU
		{83D383F5-4875-4FA1-975D-3CE87F8BE126}.Debug|Any CPU.Build.0 = Debug|Any CPU
		{83D383F5-4875-4FA1-975D-3CE87F8BE126}.Release|Any CPU.ActiveCfg = Release|Any CPU
		{83D383F5-4875-4FA1-975D-3CE87F8BE126}.Release|Any CPU.Build.0 = Release|Any CPU
		{CA980AA2-C17A-441E-B765-7DC32B441DAA}.Debug|Any CPU.ActiveCfg = Debug|Any CPU
		{CA980AA2-C17A-441E-B765-7DC32B441DAA}.Debug|Any CPU.Build.0 = Debug|Any CPU
		{CA980AA2-C17A-441E-B765-7DC32B441DAA}.Release|Any CPU.ActiveCfg = Release|Any CPU
		{CA980AA2-C17A-441E-B765-7DC32B441DAA}.Release|Any CPU.Build.0 = Release|Any CPU
		{572605C5-51EB-4263-8574-61B396FAEB0B}.Debug|Any CPU.ActiveCfg = Debug|Any CPU
		{572605C5-51EB-4263-8574-61B396FAEB0B}.Debug|Any CPU.Build.0 = Debug|Any CPU
		{572605C5-51EB-4263-8574-61B396FAEB0B}.Release|Any CPU.ActiveCfg = Release|Any CPU
		{572605C5-51EB-4263-8574-61B396FAEB0B}.Release|Any CPU.Build.0 = Release|Any CPU
	EndGlobalSection
	GlobalSection(SolutionProperties) = preSolution
		HideSolutionNode = FALSE
	EndGlobalSection
	GlobalSection(ExtensibilityGlobals) = postSolution
		SolutionGuid = {61598A47-E1F5-481D-BA98-3CB3EBD401FF}
	EndGlobalSection
EndGlobal
